
Microsoft Visual Studio Solution File, Format Version 12.00
# Visual Studio Version 17
VisualStudioVersion = 17.14.36623.8 d17.14
MinimumVisualStudioVersion = 10.0.40219.1
Project("{FAE04EC0-301F-11D3-BF4B-00C04F79EFBC}") = "Topic 5.3", "Topic 5.3\Topic 5.3.csproj", "{07F98F98-C572-4688-889D-A48D9D6AE594}"
EndProject
Global
	GlobalSection(SolutionConfigurationPlatforms) = preSolution
		Debug|Any CPU = Debug|Any CPU
		Release|Any CPU = Release|Any CPU
	EndGlobalSection
	GlobalSection(ProjectConfigurationPlatforms) = postSolution
		{07F98F98-C572-4688-889D-A48D9D6AE594}.Debug|Any CPU.ActiveCfg = Debug|Any CPU
		{07F98F98-C572-4688-889D-A48D9D6AE594}.Debug|Any CPU.Build.0 = Debug|Any CPU
		{07F98F98-C572-4688-889D-A48D9D6AE594}.Release|Any CPU.ActiveCfg = Release|Any CPU
		{07F98F98-C572-4688-889D-A48D9D6AE594}.Release|Any CPU.Build.0 = Release|Any CPU
	EndGlobalSection
	GlobalSection(SolutionProperties) = preSolution
		HideSolutionNode = FALSE
	EndGlobalSection
	GlobalSection(ExtensibilityGlobals) = postSolution
		SolutionGuid = {41356154-05AC-4852-AB20-DDB625FD4795}
	EndGlobalSection
EndGlobal
